
Microsoft Visual Studio Solution File, Format Version 12.00
# Visual Studio Version 16
VisualStudioVersion = 16.0.29424.173
MinimumVisualStudioVersion = 10.0.40219.1
Project("{888888A0-9F3D-457C-B088-3A5042F75D52}") = "2019.11.15", "2019.11.15.pyproj", "{30968818-F9D1-4E50-B320-188D9492C246}"
EndProject
Global
	GlobalSection(SolutionConfigurationPlatforms) = preSolution
		Debug|Any CPU = Debug|Any CPU
		Release|Any CPU = Release|Any CPU
	EndGlobalSection
	GlobalSection(ProjectConfigurationPlatforms) = postSolution
		{30968818-F9D1-4E50-B320-188D9492C246}.Debug|Any CPU.ActiveCfg = Debug|Any CPU
		{30968818-F9D1-4E50-B320-188D9492C246}.Release|Any CPU.ActiveCfg = Release|Any CPU
	EndGlobalSection
	GlobalSection(SolutionProperties) = preSolution
		HideSolutionNode = FALSE
	EndGlobalSection
	GlobalSection(ExtensibilityGlobals) = postSolution
		SolutionGuid = {E038E85F-997B-4B0E-BD7C-EF3CD42722A8}
	EndGlobalSection
EndGlobal
